
Microsoft Visual Studio Solution File, Format Version 12.00
# Visual Studio 15
VisualStudioVersion = 15.0.26124.0
MinimumVisualStudioVersion = 15.0.26124.0
Project("{2150E333-8FDC-42A3-9474-1A3956D46DE8}") = "src", "src", "{DE360135-D699-430F-9543-F858A67481F0}"
EndProject
Project("{FAE04EC0-301F-11D3-BF4B-00C04F79EFBC}") = "Sceny.Finance.WebApp", "src\WebApp\Sceny.Finance.WebApp.csproj", "{1608A306-2456-44A7-9074-474627874087}"
EndProject
Project("{2150E333-8FDC-42A3-9474-1A3956D46DE8}") = "tests", "tests", "{B79BC17D-1B5F-47F8-A65C-CF1005C35722}"
EndProject
Project("{FAE04EC0-301F-11D3-BF4B-00C04F79EFBC}") = "Sceny.Finance.WebApp.Tests", "tests\WebApp\Sceny.Finance.WebApp.Tests.csproj", "{DAA1E26F-3A61-4E3B-9FF2-81BCE38522E3}"
EndProject
Global
	GlobalSection(SolutionConfigurationPlatforms) = preSolution
		Debug|Any CPU = Debug|Any CPU
		Debug|x64 = Debug|x64
		Debug|x86 = Debug|x86
		Release|Any CPU = Release|Any CPU
		Release|x64 = Release|x64
		Release|x86 = Release|x86
	EndGlobalSection
	GlobalSection(SolutionProperties) = preSolution
		HideSolutionNode = FALSE
	EndGlobalSection
	GlobalSection(ProjectConfigurationPlatforms) = postSolution
		{1608A306-2456-44A7-9074-474627874087}.Debug|Any CPU.ActiveCfg = Debug|Any CPU
		{1608A306-2456-44A7-9074-474627874087}.Debug|Any CPU.Build.0 = Debug|Any CPU
		{1608A306-2456-44A7-9074-474627874087}.Debug|x64.ActiveCfg = Debug|Any CPU
		{1608A306-2456-44A7-9074-474627874087}.Debug|x64.Build.0 = Debug|Any CPU
		{1608A306-2456-44A7-9074-474627874087}.Debug|x86.ActiveCfg = Debug|Any CPU
		{1608A306-2456-44A7-9074-474627874087}.Debug|x86.Build.0 = Debug|Any CPU
		{1608A306-2456-44A7-9074-474627874087}.Release|Any CPU.ActiveCfg = Release|Any CPU
		{1608A306-2456-44A7-9074-474627874087}.Release|Any CPU.Build.0 = Release|Any CPU
		{1608A306-2456-44A7-9074-474627874087}.Release|x64.ActiveCfg = Release|Any CPU
		{1608A306-2456-44A7-9074-474627874087}.Release|x64.Build.0 = Release|Any CPU
		{1608A306-2456-44A7-9074-474627874087}.Release|x86.ActiveCfg = Release|Any CPU
		{1608A306-2456-44A7-9074-474627874087}.Release|x86.Build.0 = Release|Any CPU
		{DAA1E26F-3A61-4E3B-9FF2-81BCE38522E3}.Debug|Any CPU.ActiveCfg = Debug|Any CPU
		{DAA1E26F-3A61-4E3B-9FF2-81BCE38522E3}.Debug|Any CPU.Build.0 = Debug|Any CPU
		{DAA1E26F-3A61-4E3B-9FF2-81BCE38522E3}.Debug|x64.ActiveCfg = Debug|Any CPU
		{DAA1E26F-3A61-4E3B-9FF2-81BCE38522E3}.Debug|x64.Build.0 = Debug|Any CPU
		{DAA1E26F-3A61-4E3B-9FF2-81BCE38522E3}.Debug|x86.ActiveCfg = Debug|Any CPU
		{DAA1E26F-3A61-4E3B-9FF2-81BCE38522E3}.Debug|x86.Build.0 = Debug|Any CPU
		{DAA1E26F-3A61-4E3B-9FF2-81BCE38522E3}.Release|Any CPU.ActiveCfg = Release|Any CPU
		{DAA1E26F-3A61-4E3B-9FF2-81BCE38522E3}.Release|Any CPU.Build.0 = Release|Any CPU
		{DAA1E26F-3A61-4E3B-9FF2-81BCE38522E3}.Release|x64.ActiveCfg = Release|Any CPU
		{DAA1E26F-3A61-4E3B-9FF2-81BCE38522E3}.Release|x64.Build.0 = Release|Any CPU
		{DAA1E26F-3A61-4E3B-9FF2-81BCE38522E3}.Release|x86.ActiveCfg = Release|Any CPU
		{DAA1E26F-3A61-4E3B-9FF2-81BCE38522E3}.Release|x86.Build.0 = Release|Any CPU
	EndGlobalSection
	GlobalSection(NestedProjects) = preSolution
		{1608A306-2456-44A7-9074-474627874087} = {DE360135-D699-430F-9543-F858A67481F0}
		{DAA1E26F-3A61-4E3B-9FF2-81BCE38522E3} = {B79BC17D-1B5F-47F8-A65C-CF1005C35722}
	EndGlobalSection
EndGlobal
