
Microsoft Visual Studio Solution File, Format Version 12.00
# Visual Studio 15
VisualStudioVersion = 15.0.26124.0
MinimumVisualStudioVersion = 15.0.26124.0
Project("{2150E333-8FDC-42A3-9474-1A3956D46DE8}") = "src", "src", "{D89DC7B7-F432-447A-AC94-F7DDAC276B2C}"
EndProject
Project("{FAE04EC0-301F-11D3-BF4B-00C04F79EFBC}") = "Sceny.Finance", "src\Finance\Sceny.Finance.csproj", "{D6AC7762-666F-42B1-A79D-338A64AF055C}"
EndProject
Global
	GlobalSection(SolutionConfigurationPlatforms) = preSolution
		Debug|Any CPU = Debug|Any CPU
		Debug|x64 = Debug|x64
		Debug|x86 = Debug|x86
		Release|Any CPU = Release|Any CPU
		Release|x64 = Release|x64
		Release|x86 = Release|x86
	EndGlobalSection
	GlobalSection(SolutionProperties) = preSolution
		HideSolutionNode = FALSE
	EndGlobalSection
	GlobalSection(ProjectConfigurationPlatforms) = postSolution
		{D6AC7762-666F-42B1-A79D-338A64AF055C}.Debug|Any CPU.ActiveCfg = Debug|Any CPU
		{D6AC7762-666F-42B1-A79D-338A64AF055C}.Debug|Any CPU.Build.0 = Debug|Any CPU
		{D6AC7762-666F-42B1-A79D-338A64AF055C}.Debug|x64.ActiveCfg = Debug|Any CPU
		{D6AC7762-666F-42B1-A79D-338A64AF055C}.Debug|x64.Build.0 = Debug|Any CPU
		{D6AC7762-666F-42B1-A79D-338A64AF055C}.Debug|x86.ActiveCfg = Debug|Any CPU
		{D6AC7762-666F-42B1-A79D-338A64AF055C}.Debug|x86.Build.0 = Debug|Any CPU
		{D6AC7762-666F-42B1-A79D-338A64AF055C}.Release|Any CPU.ActiveCfg = Release|Any CPU
		{D6AC7762-666F-42B1-A79D-338A64AF055C}.Release|Any CPU.Build.0 = Release|Any CPU
		{D6AC7762-666F-42B1-A79D-338A64AF055C}.Release|x64.ActiveCfg = Release|Any CPU
		{D6AC7762-666F-42B1-A79D-338A64AF055C}.Release|x64.Build.0 = Release|Any CPU
		{D6AC7762-666F-42B1-A79D-338A64AF055C}.Release|x86.ActiveCfg = Release|Any CPU
		{D6AC7762-666F-42B1-A79D-338A64AF055C}.Release|x86.Build.0 = Release|Any CPU
	EndGlobalSection
	GlobalSection(NestedProjects) = preSolution
		{D6AC7762-666F-42B1-A79D-338A64AF055C} = {D89DC7B7-F432-447A-AC94-F7DDAC276B2C}
	EndGlobalSection
EndGlobal
